// !$*UTF8*$!
{
	archiveVersion = 1;
	classes = {
	};
	objectVersion = 46;
	objects = {

/* Begin PBXBuildFile section */
		60E34D5E193E8DC600D7C692 /* main.swift in Sources */ = {isa = PBXBuildFile; fileRef = 60E34D5D193E8DC600D7C692 /* main.swift */; };
		60E34D60193E8DC600D7C692 /* AppDelegate.swift in Sources */ = {isa = PBXBuildFile; fileRef = 60E34D5F193E8DC600D7C692 /* AppDelegate.swift */; };
		60E34D62193E8DC600D7C692 /* Images.xcassets in Resources */ = {isa = PBXBuildFile; fileRef = 60E34D61193E8DC600D7C692 /* Images.xcassets */; };
		60E34D65193E8DC600D7C692 /* MainMenu.xib in Resources */ = {isa = PBXBuildFile; fileRef = 60E34D63193E8DC600D7C692 /* MainMenu.xib */; };
/* End PBXBuildFile section */

/* Begin PBXFileReference section */
		60E34D58193E8DC600D7C692 /* Swift Window Blur.app */ = {isa = PBXFileReference; explicitFileType = wrapper.application; includeInIndex = 0; path = "Swift Window Blur.app"; sourceTree = BUILT_PRODUCTS_DIR; };
		60E34D5C193E8DC600D7C692 /* Info.plist */ = {isa = PBXFileReference; lastKnownFileType = text.plist.xml; path = Info.plist; sourceTree = "<group>"; };
		60E34D5D193E8DC600D7C692 /* main.swift */ = {isa = PBXFileReference; lastKnownFileType = sourcecode.swift; path = main.swift; sourceTree = "<group>"; };
		60E34D5F193E8DC600D7C692 /* AppDelegate.swift */ = {isa = PBXFileReference; lastKnownFileType = sourcecode.swift; path = AppDelegate.swift; sourceTree = "<group>"; };
		60E34D61193E8DC600D7C692 /* Images.xcassets */ = {isa = PBXFileReference; lastKnownFileType = folder.assetcatalog; path = Images.xcassets; sourceTree = "<group>"; };
		60E34D64193E8DC600D7C692 /* Base */ = {isa = PBXFileReference; lastKnownFileType = file.xib; name = Base; path = Base.lproj/MainMenu.xib; sourceTree = "<group>"; };
/* End PBXFileReference section */

/* Begin PBXFrameworksBuildPhase section */
		60E34D55193E8DC600D7C692 /* Frameworks */ = {
			isa = PBXFrameworksBuildPhase;
			buildActionMask = 2147483647;
			files = (
			);
			runOnlyForDeploymentPostprocessing = 0;
		};
/* End PBXFrameworksBuildPhase section */

/* Begin PBXGroup section */
		60E34D4F193E8DC600D7C692 = {
			isa = PBXGroup;
			children = (
				60E34D5A193E8DC600D7C692 /* BlurryBackground */,
				60E34D59193E8DC600D7C692 /* Products */,
			);
			sourceTree = "<group>";
		};
		60E34D59193E8DC600D7C692 /* Products */ = {
			isa = PBXGroup;
			children = (
				60E34D58193E8DC600D7C692 /* Swift Window Blur.app */,
			);
			name = Products;
			sourceTree = "<group>";
		};
		60E34D5A193E8DC600D7C692 /* BlurryBackground */ = {
			isa = PBXGroup;
			children = (
				60E34D5F193E8DC600D7C692 /* AppDelegate.swift */,
				60E34D61193E8DC600D7C692 /* Images.xcassets */,
				60E34D63193E8DC600D7C692 /* MainMenu.xib */,
				60E34D5B193E8DC600D7C692 /* Supporting Files */,
			);
			path = BlurryBackground;
			sourceTree = "<group>";
		};
		60E34D5B193E8DC600D7C692 /* Supporting Files */ = {
			isa = PBXGroup;
			children = (
				60E34D5C193E8DC600D7C692 /* Info.plist */,
				60E34D5D193E8DC600D7C692 /* main.swift */,
			);
			name = "Supporting Files";
			sourceTree = "<group>";
		};
/* End PBXGroup section */

/* Begin PBXNativeTarget section */
		60E34D57193E8DC600D7C692 /* Swift Window Blur */ = {
			isa = PBXNativeTarget;
			buildConfigurationList = 60E34D74193E8DC600D7C692 /* Build configuration list for PBXNativeTarget "Swift Window Blur" */;
			buildPhases = (
				60E34D54193E8DC600D7C692 /* Sources */,
				60E34D55193E8DC600D7C692 /* Frameworks */,
				60E34D56193E8DC600D7C692 /* Resources */,
			);
			buildRules = (
			);
			dependencies = (
			);
			name = "Swift Window Blur";
			productName = BlurryBackground;
			productReference = 60E34D58193E8DC600D7C692 /* Swift Window Blur.app */;
			productType = "com.apple.product-type.application";
		};
/* End PBXNativeTarget section */

/* Begin PBXProject section */
		60E34D50193E8DC600D7C692 /* Project object */ = {
			isa = PBXProject;
			attributes = {
				LastUpgradeCheck = 0600;
				ORGANIZATIONNAME = "Lee Brimelow";
				TargetAttributes = {
					60E34D57193E8DC600D7C692 = {
						CreatedOnToolsVersion = 6.0;
					};
				};
			};
			buildConfigurationList = 60E34D53193E8DC600D7C692 /* Build configuration list for PBXProject "Swift Window Blur" */;
			compatibilityVersion = "Xcode 3.2";
			developmentRegion = English;
			hasScannedForEncodings = 0;
			knownRegions = (
				en,
				Base,
			);
			mainGroup = 60E34D4F193E8DC600D7C692;
			productRefGroup = 60E34D59193E8DC600D7C692 /* Products */;
			projectDirPath = "";
			projectRoot = "";
			targets = (
				60E34D57193E8DC600D7C692 /* Swift Window Blur */,
			);
		};
/* End PBXProject section */

/* Begin PBXResourcesBuildPhase section */
		60E34D56193E8DC600D7C692 /* Resources */ = {
			isa = PBXResourcesBuildPhase;
			buildActionMask = 2147483647;
			files = (
				60E34D62193E8DC600D7C692 /* Images.xcassets in Resources */,
				60E34D65193E8DC600D7C692 /* MainMenu.xib in Resources */,
			);
			runOnlyForDeploymentPostprocessing = 0;
		};
/* End PBXResourcesBuildPhase section */

/* Begin PBXSourcesBuildPhase section */
		60E34D54193E8DC600D7C692 /* Sources */ = {
			isa = PBXSourcesBuildPhase;
			buildActionMask = 2147483647;
			files = (
				60E34D60193E8DC600D7C692 /* AppDelegate.swift in Sources */,
				60E34D5E193E8DC600D7C692 /* main.swift in Sources */,
			);
			runOnlyForDeploymentPostprocessing = 0;
		};
/* End PBXSourcesBuildPhase section */

/* Begin PBXVariantGroup section */
		60E34D63193E8DC600D7C692 /* MainMenu.xib */ = {
			isa = PBXVariantGroup;
			children = (
				60E34D64193E8DC600D7C692 /* Base */,
			);
			name = MainMenu.xib;
			sourceTree = "<group>";
		};
/* End PBXVariantGroup section */

/* Begin XCBuildConfiguration section */
		60E34D72193E8DC600D7C692 /* Debug */ = {
			isa = XCBuildConfiguration;
			buildSettings = {
				ALWAYS_SEARCH_USER_PATHS = NO;
				CLANG_CXX_LANGUAGE_STANDARD = "gnu++0x";
				CLANG_CXX_LIBRARY = "libc++";
				CLANG_ENABLE_MODULES = YES;
				CLANG_ENABLE_OBJC_ARC = YES;
				CLANG_WARN_BOOL_CONVERSION = YES;
				CLANG_WARN_CONSTANT_CONVERSION = YES;
				CLANG_WARN_DIRECT_OBJC_ISA_USAGE = YES_ERROR;
				CLANG_WARN_EMPTY_BODY = YES;
				CLANG_WARN_ENUM_CONVERSION = YES;
				CLANG_WARN_INT_CONVERSION = YES;
				CLANG_WARN_OBJC_ROOT_CLASS = YES_ERROR;
				CLANG_WARN_UNREACHABLE_CODE = YES;
				CLANG_WARN__DUPLICATE_METHOD_MATCH = YES;
				CODE_SIGN_IDENTITY = "-";
				COPY_PHASE_STRIP = NO;
				ENABLE_STRICT_OBJC_MSGSEND = YES;
				GCC_C_LANGUAGE_STANDARD = gnu99;
				GCC_DYNAMIC_NO_PIC = NO;
				GCC_OPTIMIZATION_LEVEL = 0;
				GCC_PREPROCESSOR_DEFINITIONS = (
					"DEBUG=1",
					"$(inherited)",
				);
				GCC_SYMBOLS_PRIVATE_EXTERN = NO;
				GCC_WARN_64_TO_32_BIT_CONVERSION = YES;
				GCC_WARN_ABOUT_RETURN_TYPE = YES_ERROR;
				GCC_WARN_UNDECLARED_SELECTOR = YES;
				GCC_WARN_UNINITIALIZED_AUTOS = YES_AGGRESSIVE;
				GCC_WARN_UNUSED_FUNCTION = YES;
				GCC_WARN_UNUSED_VARIABLE = YES;
				MACOSX_DEPLOYMENT_TARGET = 10.10;
				METAL_ENABLE_DEBUG_INFO = YES;
				ONLY_ACTIVE_ARCH = YES;
				SDKROOT = macosx;
				SWIFT_OPTIMIZATION_LEVEL = "-Onone";
			};
			name = Debug;
		};
		60E34D73193E8DC600D7C692 /* Release */ = {
			isa = XCBuildConfiguration;
			buildSettings = {
				ALWAYS_SEARCH_USER_PATHS = NO;
				CLANG_CXX_LANGUAGE_STANDARD = "gnu++0x";
				CLANG_CXX_LIBRARY = "libc++";
				CLANG_ENABLE_MODULES = YES;
				CLANG_ENABLE_OBJC_ARC = YES;
				CLANG_WARN_BOOL_CONVERSION = YES;
				CLANG_WARN_CONSTANT_CONVERSION = YES;
				CLANG_WARN_DIRECT_OBJC_ISA_USAGE = YES_ERROR;
				CLANG_WARN_EMPTY_BODY = YES;
				CLANG_WARN_ENUM_CONVERSION = YES;
				CLANG_WARN_INT_CONVERSION = YES;
				CLANG_WARN_OBJC_ROOT_CLASS = YES_ERROR;
				CLANG_WARN_UNREACHABLE_CODE = YES;
				CLANG_WARN__DUPLICATE_METHOD_MATCH = YES;
				CODE_SIGN_IDENTITY = "-";
				COPY_PHASE_STRIP = YES;
				DEBUG_INFORMATION_FORMAT = "dwarf-with-dsym";
				ENABLE_NS_ASSERTIONS = NO;
				ENABLE_STRICT_OBJC_MSGSEND = YES;
				GCC_C_LANGUAGE_STANDARD = gnu99;
				GCC_WARN_64_TO_32_BIT_CONVERSION = YES;
				GCC_WARN_ABOUT_RETURN_TYPE = YES_ERROR;
				GCC_WARN_UNDECLARED_SELECTOR = YES;
				GCC_WARN_UNINITIALIZED_AUTOS = YES_AGGRESSIVE;
				GCC_WARN_UNUSED_FUNCTION = YES;
				GCC_WARN_UNUSED_VARIABLE = YES;
				MACOSX_DEPLOYMENT_TARGET = 10.10;
				METAL_ENABLE_DEBUG_INFO = NO;
				SDKROOT = macosx;
			};
			name = Release;
		};
		60E34D75193E8DC600D7C692 /* Debug */ = {
			isa = XCBuildConfiguration;
			buildSettings = {
				ASSETCATALOG_COMPILER_APPICON_NAME = AppIcon;
				COMBINE_HIDPI_IMAGES = YES;
				INFOPLIST_FILE = BlurryBackground/Info.plist;
				LD_RUNPATH_SEARCH_PATHS = "$(inherited) @executable_path/../Frameworks";
				PRODUCT_NAME = "Swift Window Blur";
			};
			name = Debug;
		};
		60E34D76193E8DC600D7C692 /* Release */ = {
			isa = XCBuildConfiguration;
			buildSettings = {
				ASSETCATALOG_COMPILER_APPICON_NAME = AppIcon;
				COMBINE_HIDPI_IMAGES = YES;
				INFOPLIST_FILE = BlurryBackground/Info.plist;
				LD_RUNPATH_SEARCH_PATHS = "$(inherited) @executable_path/../Frameworks";
				PRODUCT_NAME = "Swift Window Blur";
			};
			name = Release;
		};
/* End XCBuildConfiguration section */

/* Begin XCConfigurationList section */
		60E34D53193E8DC600D7C692 /* Build configuration list for PBXProject "Swift Window Blur" */ = {
			isa = XCConfigurationList;
			buildConfigurations = (
				60E34D72193E8DC600D7C692 /* Debug */,
				60E34D73193E8DC600D7C692 /* Release */,
			);
			defaultConfigurationIsVisible = 0;
			defaultConfigurationName = Release;
		};
		60E34D74193E8DC600D7C692 /* Build configuration list for PBXNativeTarget "Swift Window Blur" */ = {
			isa = XCConfigurationList;
			buildConfigurations = (
				60E34D75193E8DC600D7C692 /* Debug */,
				60E34D76193E8DC600D7C692 /* Release */,
			);
			defaultConfigurationIsVisible = 0;
		};
/* End XCConfigurationList section */
	};
	rootObject = 60E34D50193E8DC600D7C692 /* Project object */;
}
